
Microsoft Visual Studio Solution File, Format Version 12.00
# Visual Studio Version 17
VisualStudioVersion = 17.10.35013.160
MinimumVisualStudioVersion = 10.0.40219.1
Project("{FAE04EC0-301F-11D3-BF4B-00C04F79EFBC}") = "Ej_EmployeesOneTableApp", "Ej_EmployeesOneTableApp\Ej_EmployeesOneTableApp.csproj", "{269E54BE-C100-4833-887E-780989B94137}"
EndProject
Global
	GlobalSection(SolutionConfigurationPlatforms) = preSolution
		Debug|Any CPU = Debug|Any CPU
		Release|Any CPU = Release|Any CPU
	EndGlobalSection
	GlobalSection(ProjectConfigurationPlatforms) = postSolution
		{269E54BE-C100-4833-887E-780989B94137}.Debug|Any CPU.ActiveCfg = Debug|Any CPU
		{269E54BE-C100-4833-887E-780989B94137}.Debug|Any CPU.Build.0 = Debug|Any CPU
		{269E54BE-C100-4833-887E-780989B94137}.Release|Any CPU.ActiveCfg = Release|Any CPU
		{269E54BE-C100-4833-887E-780989B94137}.Release|Any CPU.Build.0 = Release|Any CPU
	EndGlobalSection
	GlobalSection(SolutionProperties) = preSolution
		HideSolutionNode = FALSE
	EndGlobalSection
	GlobalSection(ExtensibilityGlobals) = postSolution
		SolutionGuid = {FC67EB6F-D9E1-4105-9E9D-78C18DB4ECD4}
	EndGlobalSection
EndGlobal
