
Microsoft Visual Studio Solution File, Format Version 12.00
# Visual Studio Version 17
VisualStudioVersion = 17.13.35919.96 d17.13
MinimumVisualStudioVersion = 10.0.40219.1
Project("{FAE04EC0-301F-11D3-BF4B-00C04F79EFBC}") = "Kinesis_Demo", "Kinesis_Demo\Kinesis_Demo.csproj", "{420DDE6E-0BF9-41CC-BA02-B2E7ADA57AB8}"
EndProject
Global
	GlobalSection(SolutionConfigurationPlatforms) = preSolution
		Debug|Any CPU = Debug|Any CPU
		Release|Any CPU = Release|Any CPU
	EndGlobalSection
	GlobalSection(ProjectConfigurationPlatforms) = postSolution
		{420DDE6E-0BF9-41CC-BA02-B2E7ADA57AB8}.Debug|Any CPU.ActiveCfg = Debug|Any CPU
		{420DDE6E-0BF9-41CC-BA02-B2E7ADA57AB8}.Debug|Any CPU.Build.0 = Debug|Any CPU
		{420DDE6E-0BF9-41CC-BA02-B2E7ADA57AB8}.Release|Any CPU.ActiveCfg = Release|Any CPU
		{420DDE6E-0BF9-41CC-BA02-B2E7ADA57AB8}.Release|Any CPU.Build.0 = Release|Any CPU
	EndGlobalSection
	GlobalSection(SolutionProperties) = preSolution
		HideSolutionNode = FALSE
	EndGlobalSection
	GlobalSection(ExtensibilityGlobals) = postSolution
		SolutionGuid = {69983478-E039-4376-B38A-9CD0CF71860D}
	EndGlobalSection
EndGlobal
