
Microsoft Visual Studio Solution File, Format Version 12.00
# Visual Studio Version 17
VisualStudioVersion = 17.12.35527.113 d17.12
MinimumVisualStudioVersion = 10.0.40219.1
Project("{FAE04EC0-301F-11D3-BF4B-00C04F79EFBC}") = "AngularApp1.Server", "AngularApp1.Server\AngularApp1.Server.csproj", "{88D45063-7AA8-4537-88BD-7ACFAA18721C}"
EndProject
Project("{54A90642-561A-4BB1-A94E-469ADEE60C69}") = "angularapp1.client", "angularapp1.client\angularapp1.client.esproj", "{18D80A6F-A994-4E75-8AD5-21340DB0ED52}"
EndProject
Global
	GlobalSection(SolutionConfigurationPlatforms) = preSolution
		Debug|Any CPU = Debug|Any CPU
		Release|Any CPU = Release|Any CPU
	EndGlobalSection
	GlobalSection(ProjectConfigurationPlatforms) = postSolution
		{88D45063-7AA8-4537-88BD-7ACFAA18721C}.Debug|Any CPU.ActiveCfg = Debug|Any CPU
		{88D45063-7AA8-4537-88BD-7ACFAA18721C}.Debug|Any CPU.Build.0 = Debug|Any CPU
		{88D45063-7AA8-4537-88BD-7ACFAA18721C}.Release|Any CPU.ActiveCfg = Release|Any CPU
		{88D45063-7AA8-4537-88BD-7ACFAA18721C}.Release|Any CPU.Build.0 = Release|Any CPU
		{18D80A6F-A994-4E75-8AD5-21340DB0ED52}.Debug|Any CPU.ActiveCfg = Debug|Any CPU
		{18D80A6F-A994-4E75-8AD5-21340DB0ED52}.Debug|Any CPU.Build.0 = Debug|Any CPU
		{18D80A6F-A994-4E75-8AD5-21340DB0ED52}.Debug|Any CPU.Deploy.0 = Debug|Any CPU
		{18D80A6F-A994-4E75-8AD5-21340DB0ED52}.Release|Any CPU.ActiveCfg = Release|Any CPU
		{18D80A6F-A994-4E75-8AD5-21340DB0ED52}.Release|Any CPU.Build.0 = Release|Any CPU
		{18D80A6F-A994-4E75-8AD5-21340DB0ED52}.Release|Any CPU.Deploy.0 = Release|Any CPU
	EndGlobalSection
	GlobalSection(SolutionProperties) = preSolution
		HideSolutionNode = FALSE
	EndGlobalSection
EndGlobal
