
Microsoft Visual Studio Solution File, Format Version 12.00
# Visual Studio Version 17
VisualStudioVersion = 17.12.35527.113 d17.12
MinimumVisualStudioVersion = 10.0.40219.1
Project("{FAE04EC0-301F-11D3-BF4B-00C04F79EFBC}") = "I18N", "I18N.csproj", "{B46925C9-35F9-4540-BED0-D62F6D7AE5DE}"
EndProject
Global
	GlobalSection(SolutionConfigurationPlatforms) = preSolution
		Debug|Any CPU = Debug|Any CPU
		Release|Any CPU = Release|Any CPU
	EndGlobalSection
	GlobalSection(ProjectConfigurationPlatforms) = postSolution
		{B46925C9-35F9-4540-BED0-D62F6D7AE5DE}.Debug|Any CPU.ActiveCfg = Debug|Any CPU
		{B46925C9-35F9-4540-BED0-D62F6D7AE5DE}.Debug|Any CPU.Build.0 = Debug|Any CPU
		{B46925C9-35F9-4540-BED0-D62F6D7AE5DE}.Release|Any CPU.ActiveCfg = Release|Any CPU
		{B46925C9-35F9-4540-BED0-D62F6D7AE5DE}.Release|Any CPU.Build.0 = Release|Any CPU
	EndGlobalSection
	GlobalSection(SolutionProperties) = preSolution
		HideSolutionNode = FALSE
	EndGlobalSection
EndGlobal
