
Microsoft Visual Studio Solution File, Format Version 12.00
# Visual Studio Version 17
VisualStudioVersion = 17.10.35013.160
MinimumVisualStudioVersion = 10.0.40219.1
Project("{FAE04EC0-301F-11D3-BF4B-00C04F79EFBC}") = "RazorPagesMovie", "RazorPagesMovie\RazorPagesMovie.csproj", "{34999736-9B14-46A2-AE74-00BC44D7615C}"
EndProject
Global
	GlobalSection(SolutionConfigurationPlatforms) = preSolution
		Debug|Any CPU = Debug|Any CPU
		Release|Any CPU = Release|Any CPU
	EndGlobalSection
	GlobalSection(ProjectConfigurationPlatforms) = postSolution
		{34999736-9B14-46A2-AE74-00BC44D7615C}.Debug|Any CPU.ActiveCfg = Debug|Any CPU
		{34999736-9B14-46A2-AE74-00BC44D7615C}.Debug|Any CPU.Build.0 = Debug|Any CPU
		{34999736-9B14-46A2-AE74-00BC44D7615C}.Release|Any CPU.ActiveCfg = Release|Any CPU
		{34999736-9B14-46A2-AE74-00BC44D7615C}.Release|Any CPU.Build.0 = Release|Any CPU
	EndGlobalSection
	GlobalSection(SolutionProperties) = preSolution
		HideSolutionNode = FALSE
	EndGlobalSection
	GlobalSection(ExtensibilityGlobals) = postSolution
		SolutionGuid = {BE230654-A41B-4C06-88DA-9E303980A54C}
	EndGlobalSection
EndGlobal
