
Microsoft Visual Studio Solution File, Format Version 12.00
# Visual Studio Version 17
VisualStudioVersion = 17.13.35806.99 d17.13
MinimumVisualStudioVersion = 10.0.40219.1
Project("{FAE04EC0-301F-11D3-BF4B-00C04F79EFBC}") = "NewWebApplicationLocal", "NewWebApplicationLocal\NewWebApplicationLocal.csproj", "{A489E2CD-7931-4444-A499-62B882998A1E}"
EndProject
Global
	GlobalSection(SolutionConfigurationPlatforms) = preSolution
		Debug|Any CPU = Debug|Any CPU
		Release|Any CPU = Release|Any CPU
	EndGlobalSection
	GlobalSection(ProjectConfigurationPlatforms) = postSolution
		{A489E2CD-7931-4444-A499-62B882998A1E}.Debug|Any CPU.ActiveCfg = Debug|Any CPU
		{A489E2CD-7931-4444-A499-62B882998A1E}.Debug|Any CPU.Build.0 = Debug|Any CPU
		{A489E2CD-7931-4444-A499-62B882998A1E}.Release|Any CPU.ActiveCfg = Release|Any CPU
		{A489E2CD-7931-4444-A499-62B882998A1E}.Release|Any CPU.Build.0 = Release|Any CPU
	EndGlobalSection
	GlobalSection(SolutionProperties) = preSolution
		HideSolutionNode = FALSE
	EndGlobalSection
	GlobalSection(ExtensibilityGlobals) = postSolution
		SolutionGuid = {5DBF75E2-3905-4D45-B8D7-9133D43AE009}
	EndGlobalSection
EndGlobal
