
Microsoft Visual Studio Solution File, Format Version 12.00
# Visual Studio Version 17
VisualStudioVersion = 17.13.35919.96 d17.13
MinimumVisualStudioVersion = 10.0.40219.1
Project("{FAE04EC0-301F-11D3-BF4B-00C04F79EFBC}") = "Kinesis_Demo01", "Kinesis_Demo01\Kinesis_Demo01.csproj", "{CEC43A19-0F10-49D8-BF3F-2E7F492FA1C4}"
EndProject
Global
	GlobalSection(SolutionConfigurationPlatforms) = preSolution
		Debug|Any CPU = Debug|Any CPU
		Release|Any CPU = Release|Any CPU
	EndGlobalSection
	GlobalSection(ProjectConfigurationPlatforms) = postSolution
		{CEC43A19-0F10-49D8-BF3F-2E7F492FA1C4}.Debug|Any CPU.ActiveCfg = Debug|Any CPU
		{CEC43A19-0F10-49D8-BF3F-2E7F492FA1C4}.Debug|Any CPU.Build.0 = Debug|Any CPU
		{CEC43A19-0F10-49D8-BF3F-2E7F492FA1C4}.Release|Any CPU.ActiveCfg = Release|Any CPU
		{CEC43A19-0F10-49D8-BF3F-2E7F492FA1C4}.Release|Any CPU.Build.0 = Release|Any CPU
	EndGlobalSection
	GlobalSection(SolutionProperties) = preSolution
		HideSolutionNode = FALSE
	EndGlobalSection
	GlobalSection(ExtensibilityGlobals) = postSolution
		SolutionGuid = {D24833A7-C065-4C1D-BB64-7BEEFB338E59}
	EndGlobalSection
EndGlobal
