
Microsoft Visual Studio Solution File, Format Version 12.00
# Visual Studio Version 17
VisualStudioVersion = 17.12.35527.113 d17.12
MinimumVisualStudioVersion = 10.0.40219.1
Project("{FAE04EC0-301F-11D3-BF4B-00C04F79EFBC}") = "SampleAPI", "SampleAPI\SampleAPI.csproj", "{42ADE466-2A17-4025-BF4B-1768B8470E39}"
EndProject
Project("{FAE04EC0-301F-11D3-BF4B-00C04F79EFBC}") = "SampleAPI.Tests", "SampleAPI.Tests\SampleAPI.Tests.csproj", "{9637F73D-94B4-472A-909D-2BD03F995FE0}"
EndProject
Global
	GlobalSection(SolutionConfigurationPlatforms) = preSolution
		Debug|Any CPU = Debug|Any CPU
		Release|Any CPU = Release|Any CPU
	EndGlobalSection
	GlobalSection(ProjectConfigurationPlatforms) = postSolution
		{42ADE466-2A17-4025-BF4B-1768B8470E39}.Debug|Any CPU.ActiveCfg = Debug|Any CPU
		{42ADE466-2A17-4025-BF4B-1768B8470E39}.Debug|Any CPU.Build.0 = Debug|Any CPU
		{42ADE466-2A17-4025-BF4B-1768B8470E39}.Release|Any CPU.ActiveCfg = Release|Any CPU
		{42ADE466-2A17-4025-BF4B-1768B8470E39}.Release|Any CPU.Build.0 = Release|Any CPU
		{9637F73D-94B4-472A-909D-2BD03F995FE0}.Debug|Any CPU.ActiveCfg = Debug|Any CPU
		{9637F73D-94B4-472A-909D-2BD03F995FE0}.Debug|Any CPU.Build.0 = Debug|Any CPU
		{9637F73D-94B4-472A-909D-2BD03F995FE0}.Release|Any CPU.ActiveCfg = Release|Any CPU
		{9637F73D-94B4-472A-909D-2BD03F995FE0}.Release|Any CPU.Build.0 = Release|Any CPU
	EndGlobalSection
	GlobalSection(SolutionProperties) = preSolution
		HideSolutionNode = FALSE
	EndGlobalSection
EndGlobal
